
Microsoft Visual Studio Solution File, Format Version 12.00
# Visual Studio Version 17
VisualStudioVersion = 17.2.32519.379
MinimumVisualStudioVersion = 10.0.40219.1
Project("{FAE04EC0-301F-11D3-BF4B-00C04F79EFBC}") = "ReceptiApp.Server", "Server\ReceptiApp.Server.csproj", "{AC0D6545-6496-4883-B897-7966AD216B98}"
EndProject
Project("{FAE04EC0-301F-11D3-BF4B-00C04F79EFBC}") = "ReceptiApp.Client", "Client\ReceptiApp.Client.csproj", "{91A5B059-CDC4-440B-B8DC-270C6E5FB3C3}"
EndProject
Project("{FAE04EC0-301F-11D3-BF4B-00C04F79EFBC}") = "ReceptiApp.Shared", "Shared\ReceptiApp.Shared.csproj", "{2BD3FAB9-CDFC-46B7-A7E6-A1E0238FB117}"
EndProject
Project("{9A19103F-16F7-4668-BE54-9A1E7A4F7556}") = "ReceptApi", "..\ReceptApi\ReceptApi.csproj", "{4D809CA3-3634-4E61-84BA-DB746FD3B7D2}"
EndProject
Global
	GlobalSection(SolutionConfigurationPlatforms) = preSolution
		Debug|Any CPU = Debug|Any CPU
		Release|Any CPU = Release|Any CPU
	EndGlobalSection
	GlobalSection(ProjectConfigurationPlatforms) = postSolution
		{AC0D6545-6496-4883-B897-7966AD216B98}.Debug|Any CPU.ActiveCfg = Debug|Any CPU
		{AC0D6545-6496-4883-B897-7966AD216B98}.Debug|Any CPU.Build.0 = Debug|Any CPU
		{AC0D6545-6496-4883-B897-7966AD216B98}.Release|Any CPU.ActiveCfg = Release|Any CPU
		{AC0D6545-6496-4883-B897-7966AD216B98}.Release|Any CPU.Build.0 = Release|Any CPU
		{91A5B059-CDC4-440B-B8DC-270C6E5FB3C3}.Debug|Any CPU.ActiveCfg = Debug|Any CPU
		{91A5B059-CDC4-440B-B8DC-270C6E5FB3C3}.Debug|Any CPU.Build.0 = Debug|Any CPU
		{91A5B059-CDC4-440B-B8DC-270C6E5FB3C3}.Release|Any CPU.ActiveCfg = Release|Any CPU
		{91A5B059-CDC4-440B-B8DC-270C6E5FB3C3}.Release|Any CPU.Build.0 = Release|Any CPU
		{2BD3FAB9-CDFC-46B7-A7E6-A1E0238FB117}.Debug|Any CPU.ActiveCfg = Debug|Any CPU
		{2BD3FAB9-CDFC-46B7-A7E6-A1E0238FB117}.Debug|Any CPU.Build.0 = Debug|Any CPU
		{2BD3FAB9-CDFC-46B7-A7E6-A1E0238FB117}.Release|Any CPU.ActiveCfg = Release|Any CPU
		{2BD3FAB9-CDFC-46B7-A7E6-A1E0238FB117}.Release|Any CPU.Build.0 = Release|Any CPU
		{4D809CA3-3634-4E61-84BA-DB746FD3B7D2}.Debug|Any CPU.ActiveCfg = Debug|Any CPU
		{4D809CA3-3634-4E61-84BA-DB746FD3B7D2}.Debug|Any CPU.Build.0 = Debug|Any CPU
		{4D809CA3-3634-4E61-84BA-DB746FD3B7D2}.Release|Any CPU.ActiveCfg = Release|Any CPU
		{4D809CA3-3634-4E61-84BA-DB746FD3B7D2}.Release|Any CPU.Build.0 = Release|Any CPU
	EndGlobalSection
	GlobalSection(SolutionProperties) = preSolution
		HideSolutionNode = FALSE
	EndGlobalSection
	GlobalSection(ExtensibilityGlobals) = postSolution
		SolutionGuid = {DFF9D264-5893-4851-9652-1465C0996F18}
	EndGlobalSection
EndGlobal
